// !$*UTF8*$!
{
	archiveVersion = 1;
	classes = {
	};
	objectVersion = 50;
	objects = {

/* Begin PBXBuildFile section */
		26F44564256EE5000030FE16 /* AppDelegate.swift in Sources */ = {isa = PBXBuildFile; fileRef = 26F44563256EE5000030FE16 /* AppDelegate.swift */; };
		26F44566256EE5000030FE16 /* SceneDelegate.swift in Sources */ = {isa = PBXBuildFile; fileRef = 26F44565256EE5000030FE16 /* SceneDelegate.swift */; };
		26F4456B256EE5000030FE16 /* Main.storyboard in Resources */ = {isa = PBXBuildFile; fileRef = 26F44569256EE5000030FE16 /* Main.storyboard */; };
		26F4456D256EE5010030FE16 /* Assets.xcassets in Resources */ = {isa = PBXBuildFile; fileRef = 26F4456C256EE5010030FE16 /* Assets.xcassets */; };
		26F44584256EE5FC0030FE16 /* CardDeck.swift in Sources */ = {isa = PBXBuildFile; fileRef = 26F44581256EE5FC0030FE16 /* CardDeck.swift */; };
		26F44585256EE5FC0030FE16 /* Concentration.swift in Sources */ = {isa = PBXBuildFile; fileRef = 26F44582256EE5FC0030FE16 /* Concentration.swift */; };
		26F44586256EE5FC0030FE16 /* Card.swift in Sources */ = {isa = PBXBuildFile; fileRef = 26F44583256EE5FC0030FE16 /* Card.swift */; };
		26F44588256EE67E0030FE16 /* ConcentrationViewController.swift in Sources */ = {isa = PBXBuildFile; fileRef = 26F44587256EE67E0030FE16 /* ConcentrationViewController.swift */; };
/* End PBXBuildFile section */

/* Begin PBXFileReference section */
		26F44560256EE5000030FE16 /* AnimatedSetAndConcentration.app */ = {isa = PBXFileReference; explicitFileType = wrapper.application; includeInIndex = 0; path = AnimatedSetAndConcentration.app; sourceTree = BUILT_PRODUCTS_DIR; };
		26F44563256EE5000030FE16 /* AppDelegate.swift */ = {isa = PBXFileReference; lastKnownFileType = sourcecode.swift; path = AppDelegate.swift; sourceTree = "<group>"; };
		26F44565256EE5000030FE16 /* SceneDelegate.swift */ = {isa = PBXFileReference; lastKnownFileType = sourcecode.swift; path = SceneDelegate.swift; sourceTree = "<group>"; };
		26F4456A256EE5000030FE16 /* Base */ = {isa = PBXFileReference; lastKnownFileType = file.storyboard; name = Base; path = Base.lproj/Main.storyboard; sourceTree = "<group>"; };
		26F4456C256EE5010030FE16 /* Assets.xcassets */ = {isa = PBXFileReference; lastKnownFileType = folder.assetcatalog; path = Assets.xcassets; sourceTree = "<group>"; };
		26F44571256EE5010030FE16 /* Info.plist */ = {isa = PBXFileReference; lastKnownFileType = text.plist.xml; path = Info.plist; sourceTree = "<group>"; };
		26F44581256EE5FC0030FE16 /* CardDeck.swift */ = {isa = PBXFileReference; fileEncoding = 4; lastKnownFileType = sourcecode.swift; path = CardDeck.swift; sourceTree = "<group>"; };
		26F44582256EE5FC0030FE16 /* Concentration.swift */ = {isa = PBXFileReference; fileEncoding = 4; lastKnownFileType = sourcecode.swift; path = Concentration.swift; sourceTree = "<group>"; };
		26F44583256EE5FC0030FE16 /* Card.swift */ = {isa = PBXFileReference; fileEncoding = 4; lastKnownFileType = sourcecode.swift; path = Card.swift; sourceTree = "<group>"; };
		26F44587256EE67E0030FE16 /* ConcentrationViewController.swift */ = {isa = PBXFileReference; fileEncoding = 4; lastKnownFileType = sourcecode.swift; path = ConcentrationViewController.swift; sourceTree = "<group>"; };
/* End PBXFileReference section */

/* Begin PBXFrameworksBuildPhase section */
		26F4455D256EE5000030FE16 /* Frameworks */ = {
			isa = PBXFrameworksBuildPhase;
			buildActionMask = 2147483647;
			files = (
			);
			runOnlyForDeploymentPostprocessing = 0;
		};
/* End PBXFrameworksBuildPhase section */

/* Begin PBXGroup section */
		26F44557256EE5000030FE16 = {
			isa = PBXGroup;
			children = (
				26F44562256EE5000030FE16 /* AnimatedSetAndConcentration */,
				26F44561256EE5000030FE16 /* Products */,
			);
			sourceTree = "<group>";
		};
		26F44561256EE5000030FE16 /* Products */ = {
			isa = PBXGroup;
			children = (
				26F44560256EE5000030FE16 /* AnimatedSetAndConcentration.app */,
			);
			name = Products;
			sourceTree = "<group>";
		};
		26F44562256EE5000030FE16 /* AnimatedSetAndConcentration */ = {
			isa = PBXGroup;
			children = (
				26F4457A256EE55A0030FE16 /* Controllers */,
				26F44579256EE5550030FE16 /* Views */,
				26F44578256EE54B0030FE16 /* Models */,
				26F44577256EE50F0030FE16 /* Supporting Files */,
				26F44569256EE5000030FE16 /* Main.storyboard */,
				26F44571256EE5010030FE16 /* Info.plist */,
			);
			path = AnimatedSetAndConcentration;
			sourceTree = "<group>";
		};
		26F44577256EE50F0030FE16 /* Supporting Files */ = {
			isa = PBXGroup;
			children = (
				26F44563256EE5000030FE16 /* AppDelegate.swift */,
				26F44565256EE5000030FE16 /* SceneDelegate.swift */,
				26F4456C256EE5010030FE16 /* Assets.xcassets */,
			);
			path = "Supporting Files";
			sourceTree = "<group>";
		};
		26F44578256EE54B0030FE16 /* Models */ = {
			isa = PBXGroup;
			children = (
				26F4457B256EE57C0030FE16 /* Concentration */,
			);
			path = Models;
			sourceTree = "<group>";
		};
		26F44579256EE5550030FE16 /* Views */ = {
			isa = PBXGroup;
			children = (
			);
			path = Views;
			sourceTree = "<group>";
		};
		26F4457A256EE55A0030FE16 /* Controllers */ = {
			isa = PBXGroup;
			children = (
				26F4457C256EE5980030FE16 /* Concentration */,
			);
			path = Controllers;
			sourceTree = "<group>";
		};
		26F4457B256EE57C0030FE16 /* Concentration */ = {
			isa = PBXGroup;
			children = (
				26F44583256EE5FC0030FE16 /* Card.swift */,
				26F44581256EE5FC0030FE16 /* CardDeck.swift */,
				26F44582256EE5FC0030FE16 /* Concentration.swift */,
			);
			path = Concentration;
			sourceTree = "<group>";
		};
		26F4457C256EE5980030FE16 /* Concentration */ = {
			isa = PBXGroup;
			children = (
				26F44587256EE67E0030FE16 /* ConcentrationViewController.swift */,
			);
			path = Concentration;
			sourceTree = "<group>";
		};
/* End PBXGroup section */

/* Begin PBXNativeTarget section */
		26F4455F256EE5000030FE16 /* AnimatedSetAndConcentration */ = {
			isa = PBXNativeTarget;
			buildConfigurationList = 26F44574256EE5010030FE16 /* Build configuration list for PBXNativeTarget "AnimatedSetAndConcentration" */;
			buildPhases = (
				26F4455C256EE5000030FE16 /* Sources */,
				26F4455D256EE5000030FE16 /* Frameworks */,
				26F4455E256EE5000030FE16 /* Resources */,
			);
			buildRules = (
			);
			dependencies = (
			);
			name = AnimatedSetAndConcentration;
			productName = AnimatedSetAndConcentration;
			productReference = 26F44560256EE5000030FE16 /* AnimatedSetAndConcentration.app */;
			productType = "com.apple.product-type.application";
		};
/* End PBXNativeTarget section */

/* Begin PBXProject section */
		26F44558256EE5000030FE16 /* Project object */ = {
			isa = PBXProject;
			attributes = {
				LastSwiftUpdateCheck = 1170;
				LastUpgradeCheck = 1170;
				ORGANIZATIONNAME = "Nicholas Bonet";
				TargetAttributes = {
					26F4455F256EE5000030FE16 = {
						CreatedOnToolsVersion = 11.7;
					};
				};
			};
			buildConfigurationList = 26F4455B256EE5000030FE16 /* Build configuration list for PBXProject "AnimatedSetAndConcentration" */;
			compatibilityVersion = "Xcode 9.3";
			developmentRegion = en;
			hasScannedForEncodings = 0;
			knownRegions = (
				en,
				Base,
			);
			mainGroup = 26F44557256EE5000030FE16;
			productRefGroup = 26F44561256EE5000030FE16 /* Products */;
			projectDirPath = "";
			projectRoot = "";
			targets = (
				26F4455F256EE5000030FE16 /* AnimatedSetAndConcentration */,
			);
		};
/* End PBXProject section */

/* Begin PBXResourcesBuildPhase section */
		26F4455E256EE5000030FE16 /* Resources */ = {
			isa = PBXResourcesBuildPhase;
			buildActionMask = 2147483647;
			files = (
				26F4456D256EE5010030FE16 /* Assets.xcassets in Resources */,
				26F4456B256EE5000030FE16 /* Main.storyboard in Resources */,
			);
			runOnlyForDeploymentPostprocessing = 0;
		};
/* End PBXResourcesBuildPhase section */

/* Begin PBXSourcesBuildPhase section */
		26F4455C256EE5000030FE16 /* Sources */ = {
			isa = PBXSourcesBuildPhase;
			buildActionMask = 2147483647;
			files = (
				26F44588256EE67E0030FE16 /* ConcentrationViewController.swift in Sources */,
				26F44586256EE5FC0030FE16 /* Card.swift in Sources */,
				26F44585256EE5FC0030FE16 /* Concentration.swift in Sources */,
				26F44564256EE5000030FE16 /* AppDelegate.swift in Sources */,
				26F44584256EE5FC0030FE16 /* CardDeck.swift in Sources */,
				26F44566256EE5000030FE16 /* SceneDelegate.swift in Sources */,
			);
			runOnlyForDeploymentPostprocessing = 0;
		};
/* End PBXSourcesBuildPhase section */

/* Begin PBXVariantGroup section */
		26F44569256EE5000030FE16 /* Main.storyboard */ = {
			isa = PBXVariantGroup;
			children = (
				26F4456A256EE5000030FE16 /* Base */,
			);
			name = Main.storyboard;
			sourceTree = "<group>";
		};
/* End PBXVariantGroup section */

/* Begin XCBuildConfiguration section */
		26F44572256EE5010030FE16 /* Debug */ = {
			isa = XCBuildConfiguration;
			buildSettings = {
				ALWAYS_SEARCH_USER_PATHS = NO;
				CLANG_ANALYZER_NONNULL = YES;
				CLANG_ANALYZER_NUMBER_OBJECT_CONVERSION = YES_AGGRESSIVE;
				CLANG_CXX_LANGUAGE_STANDARD = "gnu++14";
				CLANG_CXX_LIBRARY = "libc++";
				CLANG_ENABLE_MODULES = YES;
				CLANG_ENABLE_OBJC_ARC = YES;
				CLANG_ENABLE_OBJC_WEAK = YES;
				CLANG_WARN_BLOCK_CAPTURE_AUTORELEASING = YES;
				CLANG_WARN_BOOL_CONVERSION = YES;
				CLANG_WARN_COMMA = YES;
				CLANG_WARN_CONSTANT_CONVERSION = YES;
				CLANG_WARN_DEPRECATED_OBJC_IMPLEMENTATIONS = YES;
				CLANG_WARN_DIRECT_OBJC_ISA_USAGE = YES_ERROR;
				CLANG_WARN_DOCUMENTATION_COMMENTS = YES;
				CLANG_WARN_EMPTY_BODY = YES;
				CLANG_WARN_ENUM_CONVERSION = YES;
				CLANG_WARN_INFINITE_RECURSION = YES;
				CLANG_WARN_INT_CONVERSION = YES;
				CLANG_WARN_NON_LITERAL_NULL_CONVERSION = YES;
				CLANG_WARN_OBJC_IMPLICIT_RETAIN_SELF = YES;
				CLANG_WARN_OBJC_LITERAL_CONVERSION = YES;
				CLANG_WARN_OBJC_ROOT_CLASS = YES_ERROR;
				CLANG_WARN_RANGE_LOOP_ANALYSIS = YES;
				CLANG_WARN_STRICT_PROTOTYPES = YES;
				CLANG_WARN_SUSPICIOUS_MOVE = YES;
				CLANG_WARN_UNGUARDED_AVAILABILITY = YES_AGGRESSIVE;
				CLANG_WARN_UNREACHABLE_CODE = YES;
				CLANG_WARN__DUPLICATE_METHOD_MATCH = YES;
				COPY_PHASE_STRIP = NO;
				DEBUG_INFORMATION_FORMAT = dwarf;
				ENABLE_STRICT_OBJC_MSGSEND = YES;
				ENABLE_TESTABILITY = YES;
				GCC_C_LANGUAGE_STANDARD = gnu11;
				GCC_DYNAMIC_NO_PIC = NO;
				GCC_NO_COMMON_BLOCKS = YES;
				GCC_OPTIMIZATION_LEVEL = 0;
				GCC_PREPROCESSOR_DEFINITIONS = (
					"DEBUG=1",
					"$(inherited)",
				);
				GCC_WARN_64_TO_32_BIT_CONVERSION = YES;
				GCC_WARN_ABOUT_RETURN_TYPE = YES_ERROR;
				GCC_WARN_UNDECLARED_SELECTOR = YES;
				GCC_WARN_UNINITIALIZED_AUTOS = YES_AGGRESSIVE;
				GCC_WARN_UNUSED_FUNCTION = YES;
				GCC_WARN_UNUSED_VARIABLE = YES;
				IPHONEOS_DEPLOYMENT_TARGET = 13.7;
				MTL_ENABLE_DEBUG_INFO = INCLUDE_SOURCE;
				MTL_FAST_MATH = YES;
				ONLY_ACTIVE_ARCH = YES;
				SDKROOT = iphoneos;
				SWIFT_ACTIVE_COMPILATION_CONDITIONS = DEBUG;
				SWIFT_OPTIMIZATION_LEVEL = "-Onone";
			};
			name = Debug;
		};
		26F44573256EE5010030FE16 /* Release */ = {
			isa = XCBuildConfiguration;
			buildSettings = {
				ALWAYS_SEARCH_USER_PATHS = NO;
				CLANG_ANALYZER_NONNULL = YES;
				CLANG_ANALYZER_NUMBER_OBJECT_CONVERSION = YES_AGGRESSIVE;
				CLANG_CXX_LANGUAGE_STANDARD = "gnu++14";
				CLANG_CXX_LIBRARY = "libc++";
				CLANG_ENABLE_MODULES = YES;
				CLANG_ENABLE_OBJC_ARC = YES;
				CLANG_ENABLE_OBJC_WEAK = YES;
				CLANG_WARN_BLOCK_CAPTURE_AUTORELEASING = YES;
				CLANG_WARN_BOOL_CONVERSION = YES;
				CLANG_WARN_COMMA = YES;
				CLANG_WARN_CONSTANT_CONVERSION = YES;
				CLANG_WARN_DEPRECATED_OBJC_IMPLEMENTATIONS = YES;
				CLANG_WARN_DIRECT_OBJC_ISA_USAGE = YES_ERROR;
				CLANG_WARN_DOCUMENTATION_COMMENTS = YES;
				CLANG_WARN_EMPTY_BODY = YES;
				CLANG_WARN_ENUM_CONVERSION = YES;
				CLANG_WARN_INFINITE_RECURSION = YES;
				CLANG_WARN_INT_CONVERSION = YES;
				CLANG_WARN_NON_LITERAL_NULL_CONVERSION = YES;
				CLANG_WARN_OBJC_IMPLICIT_RETAIN_SELF = YES;
				CLANG_WARN_OBJC_LITERAL_CONVERSION = YES;
				CLANG_WARN_OBJC_ROOT_CLASS = YES_ERROR;
				CLANG_WARN_RANGE_LOOP_ANALYSIS = YES;
				CLANG_WARN_STRICT_PROTOTYPES = YES;
				CLANG_WARN_SUSPICIOUS_MOVE = YES;
				CLANG_WARN_UNGUARDED_AVAILABILITY = YES_AGGRESSIVE;
				CLANG_WARN_UNREACHABLE_CODE = YES;
				CLANG_WARN__DUPLICATE_METHOD_MATCH = YES;
				COPY_PHASE_STRIP = NO;
				DEBUG_INFORMATION_FORMAT = "dwarf-with-dsym";
				ENABLE_NS_ASSERTIONS = NO;
				ENABLE_STRICT_OBJC_MSGSEND = YES;
				GCC_C_LANGUAGE_STANDARD = gnu11;
				GCC_NO_COMMON_BLOCKS = YES;
				GCC_WARN_64_TO_32_BIT_CONVERSION = YES;
				GCC_WARN_ABOUT_RETURN_TYPE = YES_ERROR;
				GCC_WARN_UNDECLARED_SELECTOR = YES;
				GCC_WARN_UNINITIALIZED_AUTOS = YES_AGGRESSIVE;
				GCC_WARN_UNUSED_FUNCTION = YES;
				GCC_WARN_UNUSED_VARIABLE = YES;
				IPHONEOS_DEPLOYMENT_TARGET = 13.7;
				MTL_ENABLE_DEBUG_INFO = NO;
				MTL_FAST_MATH = YES;
				SDKROOT = iphoneos;
				SWIFT_COMPILATION_MODE = wholemodule;
				SWIFT_OPTIMIZATION_LEVEL = "-O";
				VALIDATE_PRODUCT = YES;
			};
			name = Release;
		};
		26F44575256EE5010030FE16 /* Debug */ = {
			isa = XCBuildConfiguration;
			buildSettings = {
				ASSETCATALOG_COMPILER_APPICON_NAME = AppIcon;
				CODE_SIGN_STYLE = Automatic;
				DEVELOPMENT_TEAM = RTF8T25W2D;
				INFOPLIST_FILE = AnimatedSetAndConcentration/Info.plist;
				LD_RUNPATH_SEARCH_PATHS = (
					"$(inherited)",
					"@executable_path/Frameworks",
				);
				PRODUCT_BUNDLE_IDENTIFIER = nicholasbonet.AnimatedSetAndConcentration;
				PRODUCT_NAME = "$(TARGET_NAME)";
				SWIFT_VERSION = 5.0;
				TARGETED_DEVICE_FAMILY = "1,2";
			};
			name = Debug;
		};
		26F44576256EE5010030FE16 /* Release */ = {
			isa = XCBuildConfiguration;
			buildSettings = {
				ASSETCATALOG_COMPILER_APPICON_NAME = AppIcon;
				CODE_SIGN_STYLE = Automatic;
				DEVELOPMENT_TEAM = RTF8T25W2D;
				INFOPLIST_FILE = AnimatedSetAndConcentration/Info.plist;
				LD_RUNPATH_SEARCH_PATHS = (
					"$(inherited)",
					"@executable_path/Frameworks",
				);
				PRODUCT_BUNDLE_IDENTIFIER = nicholasbonet.AnimatedSetAndConcentration;
				PRODUCT_NAME = "$(TARGET_NAME)";
				SWIFT_VERSION = 5.0;
				TARGETED_DEVICE_FAMILY = "1,2";
			};
			name = Release;
		};
/* End XCBuildConfiguration section */

/* Begin XCConfigurationList section */
		26F4455B256EE5000030FE16 /* Build configuration list for PBXProject "AnimatedSetAndConcentration" */ = {
			isa = XCConfigurationList;
			buildConfigurations = (
				26F44572256EE5010030FE16 /* Debug */,
				26F44573256EE5010030FE16 /* Release */,
			);
			defaultConfigurationIsVisible = 0;
			defaultConfigurationName = Release;
		};
		26F44574256EE5010030FE16 /* Build configuration list for PBXNativeTarget "AnimatedSetAndConcentration" */ = {
			isa = XCConfigurationList;
			buildConfigurations = (
				26F44575256EE5010030FE16 /* Debug */,
				26F44576256EE5010030FE16 /* Release */,
			);
			defaultConfigurationIsVisible = 0;
			defaultConfigurationName = Release;
		};
/* End XCConfigurationList section */
	};
	rootObject = 26F44558256EE5000030FE16 /* Project object */;
}
